{
    "_meta": {
        "hash": {
            "sha256": "c816222bf146132191631a6776f4893f75181d962659d4b53a1e98de4d0aa808"
        },
        "pipfile-spec": 6,
        "requires": {
            "python_version": "3.8"
        },
        "sources": [
            {
                "name": "pypi",
                "url": "https://pypi.org/simple",
                "verify_ssl": true
            }
        ]
    },
    "default": {
        "pony": {
            "hashes": [
                "sha256:8a9e7339fe7a5182566c83047dbae8053aa1cf458bff0f21f1ae1b106a210cbb"
            ],
            "index": "pypi",
            "version": "==0.7.13"
        },
        "pymysql": {
            "hashes": [
                "sha256:263040d2779a3b84930f7ac9da5132be0fefcd6f453a885756656103f8ee1fdd",
                "sha256:44f47128dda8676e021c8d2dbb49a82be9e4ab158b9f03e897152a3a287c69ea"
            ],
            "index": "pypi",
            "version": "==0.10.1"
        }
    },
    "develop": {}
}
